
Microsoft Visual Studio Solution File, Format Version 12.00
# Visual Studio Version 17
VisualStudioVersion = 17.5.33627.172
MinimumVisualStudioVersion = 10.0.40219.1
Project("{9A19103F-16F7-4668-BE54-9A1E7A4F7556}") = "AI_Onboarding.Api", "AI_Onboarding\AI_Onboarding.Api.csproj", "{5C4437FE-035B-40C5-BEDB-3597C009A8ED}"
EndProject
Project("{2150E333-8FDC-42A3-9474-1A3956D46DE8}") = "AI_Onboarding.Services", "AI_Onboarding.Services", "{C340D3E0-4220-431E-9372-F77A78F8CB96}"
	ProjectSection(SolutionItems) = preProject
		IFileService.cs = IFileService.cs
		IServiceCollectionExtensions.cs = IServiceCollectionExtensions.cs
	EndProjectSection
EndProject
Global
	GlobalSection(SolutionConfigurationPlatforms) = preSolution
		Debug|Any CPU = Debug|Any CPU
		Release|Any CPU = Release|Any CPU
	EndGlobalSection
	GlobalSection(ProjectConfigurationPlatforms) = postSolution
		{5C4437FE-035B-40C5-BEDB-3597C009A8ED}.Debug|Any CPU.ActiveCfg = Debug|Any CPU
		{5C4437FE-035B-40C5-BEDB-3597C009A8ED}.Debug|Any CPU.Build.0 = Debug|Any CPU
		{5C4437FE-035B-40C5-BEDB-3597C009A8ED}.Release|Any CPU.ActiveCfg = Release|Any CPU
		{5C4437FE-035B-40C5-BEDB-3597C009A8ED}.Release|Any CPU.Build.0 = Release|Any CPU
	EndGlobalSection
	GlobalSection(SolutionProperties) = preSolution
		HideSolutionNode = FALSE
	EndGlobalSection
	GlobalSection(ExtensibilityGlobals) = postSolution
		SolutionGuid = {089EB5AC-F095-4193-B47D-944C091B7A83}
	EndGlobalSection
EndGlobal
